
Microsoft Visual Studio Solution File, Format Version 12.00
# Visual Studio Version 16
VisualStudioVersion = 16.0.30503.244
MinimumVisualStudioVersion = 10.0.40219.1
Project("{FAE04EC0-301F-11D3-BF4B-00C04F79EFBC}") = "BMP_EZBulkTool", "BMP_EZBulkTool.csproj", "{B9FA6C88-8E6D-42B5-B539-3AE956CF55DC}"
EndProject
Global
	GlobalSection(SolutionConfigurationPlatforms) = preSolution
		Debug|Any CPU = Debug|Any CPU
		Release|Any CPU = Release|Any CPU
	EndGlobalSection
	GlobalSection(ProjectConfigurationPlatforms) = postSolution
		{B9FA6C88-8E6D-42B5-B539-3AE956CF55DC}.Debug|Any CPU.ActiveCfg = Debug|Any CPU
		{B9FA6C88-8E6D-42B5-B539-3AE956CF55DC}.Debug|Any CPU.Build.0 = Debug|Any CPU
		{B9FA6C88-8E6D-42B5-B539-3AE956CF55DC}.Release|Any CPU.ActiveCfg = Release|Any CPU
		{B9FA6C88-8E6D-42B5-B539-3AE956CF55DC}.Release|Any CPU.Build.0 = Release|Any CPU
	EndGlobalSection
	GlobalSection(SolutionProperties) = preSolution
		HideSolutionNode = FALSE
	EndGlobalSection
	GlobalSection(ExtensibilityGlobals) = postSolution
		SolutionGuid = {57E04CA7-D419-48CD-B89C-FE791B0D6EF7}
	EndGlobalSection
EndGlobal
